// !$*UTF8*$!
{
	archiveVersion = 1;
	classes = {
	};
	objectVersion = 46;
	objects = {

/* Begin PBXBuildFile section */
		ECCB7DCB15F13B3A00495973 /* GLUT.framework in Frameworks */ = {isa = PBXBuildFile; fileRef = ECCB7DC915F13B3A00495973 /* GLUT.framework */; };
		ECCB7DCC15F13B3A00495973 /* OpenGL.framework in Frameworks */ = {isa = PBXBuildFile; fileRef = ECCB7DCA15F13B3A00495973 /* OpenGL.framework */; };
		ECDF82EC16146A8D005B89F3 /* Example.cpp in Sources */ = {isa = PBXBuildFile; fileRef = ECDF82EA16146A4B005B89F3 /* Example.cpp */; };
/* End PBXBuildFile section */

/* Begin PBXCopyFilesBuildPhase section */
		ECCB7D7D15F139FC00495973 /* CopyFiles */ = {
			isa = PBXCopyFilesBuildPhase;
			buildActionMask = 2147483647;
			dstPath = /usr/share/man/man1/;
			dstSubfolderSpec = 0;
			files = (
			);
			runOnlyForDeploymentPostprocessing = 1;
		};
/* End PBXCopyFilesBuildPhase section */

/* Begin PBXFileReference section */
		EC06057915F28DB5009CB3E0 /* TexturedGeometry.hpp */ = {isa = PBXFileReference; lastKnownFileType = sourcecode.cpp.h; path = TexturedGeometry.hpp; sourceTree = "<group>"; };
		EC06057A15F28E73009CB3E0 /* Geometry.hpp */ = {isa = PBXFileReference; lastKnownFileType = sourcecode.cpp.h; path = Geometry.hpp; sourceTree = "<group>"; };
		EC06057D15F29589009CB3E0 /* GeometryFactory.cpp */ = {isa = PBXFileReference; lastKnownFileType = sourcecode.cpp.cpp; path = GeometryFactory.cpp; sourceTree = "<group>"; };
		EC06057E15F29589009CB3E0 /* GeometryFactory.hpp */ = {isa = PBXFileReference; lastKnownFileType = sourcecode.cpp.h; path = GeometryFactory.hpp; sourceTree = "<group>"; };
		EC06057F15F2AA44009CB3E0 /* Math.cpp */ = {isa = PBXFileReference; lastKnownFileType = sourcecode.cpp.cpp; path = Math.cpp; sourceTree = "<group>"; };
		EC06058115F2ACE1009CB3E0 /* SceneRenderer.hpp */ = {isa = PBXFileReference; lastKnownFileType = sourcecode.cpp.h; path = SceneRenderer.hpp; sourceTree = "<group>"; };
		EC06058315F2DAF2009CB3E0 /* Makefile */ = {isa = PBXFileReference; lastKnownFileType = sourcecode.make; lineEnding = 0; path = Makefile; sourceTree = "<group>"; };
		EC123C4A15F13E09004447ED /* README.md */ = {isa = PBXFileReference; explicitFileType = sourcecode.cpp.h; lineEnding = 0; path = README.md; sourceTree = "<group>"; };
		EC1293C516163E16006B69F1 /* Geometry.cpp */ = {isa = PBXFileReference; lastKnownFileType = sourcecode.cpp.cpp; path = Geometry.cpp; sourceTree = "<group>"; };
		EC1293C716165238006B69F1 /* SceneNode.cpp */ = {isa = PBXFileReference; lastKnownFileType = sourcecode.cpp.cpp; path = SceneNode.cpp; sourceTree = "<group>"; };
		EC1293C816165238006B69F1 /* SceneNode.hpp */ = {isa = PBXFileReference; lastKnownFileType = sourcecode.cpp.h; path = SceneNode.hpp; sourceTree = "<group>"; };
		EC1496B416172A610074E0B1 /* BillboardParticleEmitter.cpp */ = {isa = PBXFileReference; lastKnownFileType = sourcecode.cpp.cpp; path = BillboardParticleEmitter.cpp; sourceTree = "<group>"; };
		EC1496B516172A610074E0B1 /* BillboardParticleEmitter.hpp */ = {isa = PBXFileReference; lastKnownFileType = sourcecode.cpp.h; path = BillboardParticleEmitter.hpp; sourceTree = "<group>"; };
		EC1496B616172B230074E0B1 /* ParticleEmitterProperties.hpp */ = {isa = PBXFileReference; lastKnownFileType = sourcecode.cpp.h; path = ParticleEmitterProperties.hpp; sourceTree = "<group>"; };
		EC1496B716172E720074E0B1 /* ParticleEmitterProperties.cpp */ = {isa = PBXFileReference; lastKnownFileType = sourcecode.cpp.cpp; path = ParticleEmitterProperties.cpp; sourceTree = "<group>"; };
		EC19985115FA7CAF00717FE3 /* Modeler.cpp */ = {isa = PBXFileReference; lastKnownFileType = sourcecode.cpp.cpp; path = Modeler.cpp; sourceTree = "<group>"; };
		EC19985215FA7CAF00717FE3 /* Modeler.hpp */ = {isa = PBXFileReference; lastKnownFileType = sourcecode.cpp.h; path = Modeler.hpp; sourceTree = "<group>"; };
		EC33295215F8EDEF007A85D5 /* FileIO.hpp */ = {isa = PBXFileReference; lastKnownFileType = sourcecode.cpp.h; path = FileIO.hpp; sourceTree = "<group>"; };
		EC33295315F8EE35007A85D5 /* FileIO.cpp */ = {isa = PBXFileReference; lastKnownFileType = sourcecode.cpp.cpp; path = FileIO.cpp; sourceTree = "<group>"; };
		EC33295515F8F106007A85D5 /* GLShader.cpp */ = {isa = PBXFileReference; lastKnownFileType = sourcecode.cpp.cpp; path = GLShader.cpp; sourceTree = "<group>"; };
		EC33295615F8F106007A85D5 /* GLShader.hpp */ = {isa = PBXFileReference; lastKnownFileType = sourcecode.cpp.h; path = GLShader.hpp; sourceTree = "<group>"; };
		EC33295A15F90D2B007A85D5 /* GLProgram.cpp */ = {isa = PBXFileReference; lastKnownFileType = sourcecode.cpp.cpp; path = GLProgram.cpp; sourceTree = "<group>"; };
		EC33295B15F90D2B007A85D5 /* GLProgram.hpp */ = {isa = PBXFileReference; lastKnownFileType = sourcecode.cpp.h; path = GLProgram.hpp; sourceTree = "<group>"; };
		EC33295E15F91431007A85D5 /* GLSLRenderer.cpp */ = {isa = PBXFileReference; lastKnownFileType = sourcecode.cpp.cpp; path = GLSLRenderer.cpp; sourceTree = "<group>"; };
		EC33295F15F91431007A85D5 /* GLSLRenderer.hpp */ = {isa = PBXFileReference; lastKnownFileType = sourcecode.cpp.h; path = GLSLRenderer.hpp; sourceTree = "<group>"; };
		EC369C01160F16A50092F9E3 /* ParticleSystem.cpp */ = {isa = PBXFileReference; lastKnownFileType = sourcecode.cpp.cpp; path = ParticleSystem.cpp; sourceTree = "<group>"; };
		EC369C02160F16A50092F9E3 /* ParticleSystem.hpp */ = {isa = PBXFileReference; lastKnownFileType = sourcecode.cpp.h; path = ParticleSystem.hpp; sourceTree = "<group>"; };
		EC369C04160F4AA40092F9E3 /* ParticleEmitter.cpp */ = {isa = PBXFileReference; lastKnownFileType = sourcecode.cpp.cpp; path = ParticleEmitter.cpp; sourceTree = "<group>"; };
		EC369C05160F4AA40092F9E3 /* ParticleEmitter.hpp */ = {isa = PBXFileReference; lastKnownFileType = sourcecode.cpp.h; path = ParticleEmitter.hpp; sourceTree = "<group>"; };
		EC3AC5D6162094A800199585 /* screenshot.png */ = {isa = PBXFileReference; lastKnownFileType = image.png; path = screenshot.png; sourceTree = "<group>"; };
		EC4142871615C1A700E77795 /* BlinnPhongShader.vsh */ = {isa = PBXFileReference; lastKnownFileType = sourcecode.glsl; path = BlinnPhongShader.vsh; sourceTree = "<group>"; };
		EC4142891615D34900E77795 /* BlinnPhongShader.fsh */ = {isa = PBXFileReference; lastKnownFileType = sourcecode.glsl; path = BlinnPhongShader.fsh; sourceTree = "<group>"; };
		EC4A0A5B161F18550044A834 /* VertexData.hpp */ = {isa = PBXFileReference; lastKnownFileType = sourcecode.cpp.h; path = VertexData.hpp; sourceTree = "<group>"; };
		EC4A0A5D161F1FAD0044A834 /* BufferedVertexData.hpp */ = {isa = PBXFileReference; lastKnownFileType = sourcecode.cpp.h; path = BufferedVertexData.hpp; sourceTree = "<group>"; };
		EC4A0A5F161F25960044A834 /* Device.hpp */ = {isa = PBXFileReference; lastKnownFileType = sourcecode.cpp.h; path = Device.hpp; sourceTree = "<group>"; };
		EC4A0A60161F25A70044A834 /* Program.hpp */ = {isa = PBXFileReference; lastKnownFileType = sourcecode.cpp.h; path = Program.hpp; sourceTree = "<group>"; };
		EC51B0E516065CB400E11226 /* SceneSimulator.cpp */ = {isa = PBXFileReference; fileEncoding = 4; lastKnownFileType = sourcecode.cpp.cpp; path = SceneSimulator.cpp; sourceTree = "<group>"; };
		EC51B0E616065CB400E11226 /* SceneSimulator.hpp */ = {isa = PBXFileReference; fileEncoding = 4; lastKnownFileType = sourcecode.cpp.h; path = SceneSimulator.hpp; sourceTree = "<group>"; };
		EC61158F161486CA00D02A01 /* EAGLWindow.mm */ = {isa = PBXFileReference; lastKnownFileType = sourcecode.cpp.objcpp; path = EAGLWindow.mm; sourceTree = "<group>"; };
		EC611590161486CA00D02A01 /* EAGLWindow.hpp */ = {isa = PBXFileReference; lastKnownFileType = sourcecode.cpp.h; path = EAGLWindow.hpp; sourceTree = "<group>"; };
		EC6115921614941500D02A01 /* Example.hpp */ = {isa = PBXFileReference; lastKnownFileType = sourcecode.cpp.h; path = Example.hpp; sourceTree = "<group>"; };
		EC61159B1614A78A00D02A01 /* SimpleRenderer.cpp */ = {isa = PBXFileReference; lastKnownFileType = sourcecode.cpp.cpp; path = SimpleRenderer.cpp; sourceTree = "<group>"; };
		EC61159C1614A78A00D02A01 /* SimpleRenderer.hpp */ = {isa = PBXFileReference; lastKnownFileType = sourcecode.cpp.h; path = SimpleRenderer.hpp; sourceTree = "<group>"; };
		EC7B8992161DF674000C0F9F /* Renderable.hpp */ = {isa = PBXFileReference; lastKnownFileType = sourcecode.cpp.h; path = Renderable.hpp; sourceTree = "<group>"; };
		EC7B8993161DF686000C0F9F /* Technique.hpp */ = {isa = PBXFileReference; lastKnownFileType = sourcecode.cpp.h; path = Technique.hpp; sourceTree = "<group>"; };
		EC7B8994161DFDF0000C0F9F /* concrete.png */ = {isa = PBXFileReference; lastKnownFileType = image.png; path = concrete.png; sourceTree = "<group>"; };
		ECB09A3F161356D100677A13 /* ResourceManager.cpp */ = {isa = PBXFileReference; lastKnownFileType = sourcecode.cpp.cpp; path = ResourceManager.cpp; sourceTree = "<group>"; };
		ECB09A40161356D100677A13 /* ResourceManager.hpp */ = {isa = PBXFileReference; lastKnownFileType = sourcecode.cpp.h; path = ResourceManager.hpp; sourceTree = "<group>"; };
		ECB09A4A16136D6900677A13 /* Window.hpp */ = {isa = PBXFileReference; lastKnownFileType = sourcecode.cpp.h; path = Window.hpp; sourceTree = "<group>"; };
		ECB09A4B16136E4B00677A13 /* GLUTWindow.cpp */ = {isa = PBXFileReference; lastKnownFileType = sourcecode.cpp.cpp; path = GLUTWindow.cpp; sourceTree = "<group>"; };
		ECB09A4C16136E4B00677A13 /* GLUTWindow.hpp */ = {isa = PBXFileReference; lastKnownFileType = sourcecode.cpp.h; path = GLUTWindow.hpp; sourceTree = "<group>"; };
		ECB09A551613774E00677A13 /* ParticleShader.fsh */ = {isa = PBXFileReference; fileEncoding = 4; lastKnownFileType = sourcecode.glsl; path = ParticleShader.fsh; sourceTree = "<group>"; };
		ECB09A561613774E00677A13 /* ParticleShader.vsh */ = {isa = PBXFileReference; fileEncoding = 4; lastKnownFileType = sourcecode.glsl; path = ParticleShader.vsh; sourceTree = "<group>"; xcLanguageSpecificationIdentifier = xcode.lang.glsl; };
		ECB09A581613774E00677A13 /* earth.png */ = {isa = PBXFileReference; lastKnownFileType = image.png; path = earth.png; sourceTree = "<group>"; };
		ECB09A591613774E00677A13 /* fbo.png */ = {isa = PBXFileReference; lastKnownFileType = image.png; path = fbo.png; sourceTree = "<group>"; };
		ECB09A5A1613774E00677A13 /* particle01.png */ = {isa = PBXFileReference; lastKnownFileType = image.png; path = particle01.png; sourceTree = "<group>"; };
		ECB09A5B1613774E00677A13 /* road.png */ = {isa = PBXFileReference; lastKnownFileType = image.png; path = road.png; sourceTree = "<group>"; };
		ECB09A5C1613774E00677A13 /* smoke.png */ = {isa = PBXFileReference; lastKnownFileType = image.png; path = smoke.png; sourceTree = "<group>"; };
		ECCB7D7F15F139FC00495973 /* D3 */ = {isa = PBXFileReference; explicitFileType = "compiled.mach-o.executable"; includeInIndex = 0; path = D3; sourceTree = BUILT_PRODUCTS_DIR; };
		ECCB7DC915F13B3A00495973 /* GLUT.framework */ = {isa = PBXFileReference; lastKnownFileType = wrapper.framework; name = GLUT.framework; path = System/Library/Frameworks/GLUT.framework; sourceTree = SDKROOT; };
		ECCB7DCA15F13B3A00495973 /* OpenGL.framework */ = {isa = PBXFileReference; lastKnownFileType = wrapper.framework; name = OpenGL.framework; path = System/Library/Frameworks/OpenGL.framework; sourceTree = SDKROOT; };
		ECCB7DCE15F13BD100495973 /* d3.hpp */ = {isa = PBXFileReference; lastKnownFileType = sourcecode.cpp.h; lineEnding = 0; path = d3.hpp; sourceTree = "<group>"; xcLanguageSpecificationIdentifier = xcode.lang.cpp; };
		ECCB7DD315F13BD100495973 /* Camera.cpp */ = {isa = PBXFileReference; lastKnownFileType = sourcecode.cpp.cpp; path = Camera.cpp; sourceTree = "<group>"; };
		ECCB7DD415F13BD100495973 /* Camera.hpp */ = {isa = PBXFileReference; lastKnownFileType = sourcecode.cpp.h; path = Camera.hpp; sourceTree = "<group>"; };
		ECCB7DD515F13BD100495973 /* DirectionalLight.cpp */ = {isa = PBXFileReference; lastKnownFileType = sourcecode.cpp.cpp; path = DirectionalLight.cpp; sourceTree = "<group>"; };
		ECCB7DD615F13BD100495973 /* DirectionalLight.hpp */ = {isa = PBXFileReference; lastKnownFileType = sourcecode.cpp.h; path = DirectionalLight.hpp; sourceTree = "<group>"; };
		ECCB7DD715F13BD100495973 /* OpenGLHeaders.hpp */ = {isa = PBXFileReference; lastKnownFileType = sourcecode.cpp.h; path = OpenGLHeaders.hpp; sourceTree = "<group>"; };
		ECCB7DD815F13BD100495973 /* GL13Renderer.cpp */ = {isa = PBXFileReference; lastKnownFileType = sourcecode.cpp.cpp; path = GL13Renderer.cpp; sourceTree = "<group>"; };
		ECCB7DD915F13BD100495973 /* GL13Renderer.hpp */ = {isa = PBXFileReference; lastKnownFileType = sourcecode.cpp.h; path = GL13Renderer.hpp; sourceTree = "<group>"; };
		ECCB7DDA15F13BD100495973 /* Image.cpp */ = {isa = PBXFileReference; lastKnownFileType = sourcecode.cpp.cpp; path = Image.cpp; sourceTree = "<group>"; };
		ECCB7DDB15F13BD100495973 /* Image.hpp */ = {isa = PBXFileReference; lastKnownFileType = sourcecode.cpp.h; path = Image.hpp; sourceTree = "<group>"; };
		ECCB7DDC15F13BD100495973 /* Mat3.hpp */ = {isa = PBXFileReference; lastKnownFileType = sourcecode.cpp.h; path = Mat3.hpp; sourceTree = "<group>"; };
		ECCB7DDD15F13BD100495973 /* Mat4.hpp */ = {isa = PBXFileReference; lastKnownFileType = sourcecode.cpp.h; path = Mat4.hpp; sourceTree = "<group>"; };
		ECCB7DDE15F13BD100495973 /* Material.cpp */ = {isa = PBXFileReference; lastKnownFileType = sourcecode.cpp.cpp; path = Material.cpp; sourceTree = "<group>"; };
		ECCB7DDF15F13BD100495973 /* Material.hpp */ = {isa = PBXFileReference; lastKnownFileType = sourcecode.cpp.h; path = Material.hpp; sourceTree = "<group>"; };
		ECCB7DE015F13BD100495973 /* Math.hpp */ = {isa = PBXFileReference; lastKnownFileType = sourcecode.cpp.h; path = Math.hpp; sourceTree = "<group>"; };
		ECCB7DE115F13BD100495973 /* TransformNode.cpp */ = {isa = PBXFileReference; lastKnownFileType = sourcecode.cpp.cpp; path = TransformNode.cpp; sourceTree = "<group>"; };
		ECCB7DE215F13BD100495973 /* TransformNode.hpp */ = {isa = PBXFileReference; lastKnownFileType = sourcecode.cpp.h; path = TransformNode.hpp; sourceTree = "<group>"; };
		ECCB7DE415F13BD100495973 /* PointLight.cpp */ = {isa = PBXFileReference; lastKnownFileType = sourcecode.cpp.cpp; path = PointLight.cpp; sourceTree = "<group>"; };
		ECCB7DE515F13BD100495973 /* PointLight.hpp */ = {isa = PBXFileReference; lastKnownFileType = sourcecode.cpp.h; path = PointLight.hpp; sourceTree = "<group>"; };
		ECCB7DE615F13BD100495973 /* Quat.hpp */ = {isa = PBXFileReference; lastKnownFileType = sourcecode.cpp.h; path = Quat.hpp; sourceTree = "<group>"; };
		ECCB7DE915F13BD100495973 /* Scene.cpp */ = {isa = PBXFileReference; lastKnownFileType = sourcecode.cpp.cpp; path = Scene.cpp; sourceTree = "<group>"; };
		ECCB7DEA15F13BD100495973 /* Scene.hpp */ = {isa = PBXFileReference; lastKnownFileType = sourcecode.cpp.h; path = Scene.hpp; sourceTree = "<group>"; };
		ECCB7DEB15F13BD100495973 /* SpotLight.cpp */ = {isa = PBXFileReference; lastKnownFileType = sourcecode.cpp.cpp; path = SpotLight.cpp; sourceTree = "<group>"; };
		ECCB7DEC15F13BD100495973 /* SpotLight.hpp */ = {isa = PBXFileReference; lastKnownFileType = sourcecode.cpp.h; path = SpotLight.hpp; sourceTree = "<group>"; };
		ECCB7DEE15F13BD100495973 /* Texture.cpp */ = {isa = PBXFileReference; lastKnownFileType = sourcecode.cpp.cpp; path = Texture.cpp; sourceTree = "<group>"; };
		ECCB7DEF15F13BD100495973 /* Texture.hpp */ = {isa = PBXFileReference; lastKnownFileType = sourcecode.cpp.h; path = Texture.hpp; sourceTree = "<group>"; };
		ECCB7DF015F13BD100495973 /* Types.hpp */ = {isa = PBXFileReference; lastKnownFileType = sourcecode.cpp.h; path = Types.hpp; sourceTree = "<group>"; };
		ECCB7DF115F13BD100495973 /* Vec3.hpp */ = {isa = PBXFileReference; lastKnownFileType = sourcecode.cpp.h; path = Vec3.hpp; sourceTree = "<group>"; };
		ECCB7DF215F13BD100495973 /* Vec4.hpp */ = {isa = PBXFileReference; lastKnownFileType = sourcecode.cpp.h; path = Vec4.hpp; sourceTree = "<group>"; };
		ECDF82E71614687F005B89F3 /* Application.cpp */ = {isa = PBXFileReference; lastKnownFileType = sourcecode.cpp.cpp; path = Application.cpp; sourceTree = "<group>"; };
		ECDF82E81614687F005B89F3 /* Application.hpp */ = {isa = PBXFileReference; lastKnownFileType = sourcecode.cpp.h; path = Application.hpp; sourceTree = "<group>"; };
		ECDF82EA16146A4B005B89F3 /* Example.cpp */ = {isa = PBXFileReference; lastKnownFileType = sourcecode.cpp.cpp; path = Example.cpp; sourceTree = "<group>"; };
/* End PBXFileReference section */

/* Begin PBXFrameworksBuildPhase section */
		ECCB7D7C15F139FC00495973 /* Frameworks */ = {
			isa = PBXFrameworksBuildPhase;
			buildActionMask = 2147483647;
			files = (
				ECCB7DCB15F13B3A00495973 /* GLUT.framework in Frameworks */,
				ECCB7DCC15F13B3A00495973 /* OpenGL.framework in Frameworks */,
			);
			runOnlyForDeploymentPostprocessing = 0;
		};
/* End PBXFrameworksBuildPhase section */

/* Begin PBXGroup section */
		EC06058215F2AF61009CB3E0 /* OpenGL */ = {
			isa = PBXGroup;
			children = (
				EC33295615F8F106007A85D5 /* GLShader.hpp */,
				EC33295515F8F106007A85D5 /* GLShader.cpp */,
				EC33295B15F90D2B007A85D5 /* GLProgram.hpp */,
				EC33295A15F90D2B007A85D5 /* GLProgram.cpp */,
				EC61159C1614A78A00D02A01 /* SimpleRenderer.hpp */,
				EC61159B1614A78A00D02A01 /* SimpleRenderer.cpp */,
				EC33295F15F91431007A85D5 /* GLSLRenderer.hpp */,
				EC33295E15F91431007A85D5 /* GLSLRenderer.cpp */,
				ECCB7DD915F13BD100495973 /* GL13Renderer.hpp */,
				ECCB7DD815F13BD100495973 /* GL13Renderer.cpp */,
			);
			name = OpenGL;
			sourceTree = "<group>";
		};
		EC123C4515F13C5F004447ED /* Rendering system */ = {
			isa = PBXGroup;
			children = (
				EC4A0A5F161F25960044A834 /* Device.hpp */,
				EC4A0A60161F25A70044A834 /* Program.hpp */,
				EC4A0A5B161F18550044A834 /* VertexData.hpp */,
				EC4A0A5D161F1FAD0044A834 /* BufferedVertexData.hpp */,
				EC7B8993161DF686000C0F9F /* Technique.hpp */,
				EC7B8992161DF674000C0F9F /* Renderable.hpp */,
				EC06057915F28DB5009CB3E0 /* TexturedGeometry.hpp */,
				EC06058115F2ACE1009CB3E0 /* SceneRenderer.hpp */,
				EC06057A15F28E73009CB3E0 /* Geometry.hpp */,
				EC1293C516163E16006B69F1 /* Geometry.cpp */,
				ECCB7DDF15F13BD100495973 /* Material.hpp */,
				ECCB7DDE15F13BD100495973 /* Material.cpp */,
				ECCB7DEF15F13BD100495973 /* Texture.hpp */,
				ECCB7DEE15F13BD100495973 /* Texture.cpp */,
				EC06058215F2AF61009CB3E0 /* OpenGL */,
			);
			name = "Rendering system";
			sourceTree = "<group>";
		};
		EC123C4715F13C6D004447ED /* Primitives */ = {
			isa = PBXGroup;
			children = (
				EC19985215FA7CAF00717FE3 /* Modeler.hpp */,
				EC19985115FA7CAF00717FE3 /* Modeler.cpp */,
				EC06057E15F29589009CB3E0 /* GeometryFactory.hpp */,
				EC06057D15F29589009CB3E0 /* GeometryFactory.cpp */,
			);
			name = Primitives;
			sourceTree = "<group>";
		};
		EC123C4815F13C75004447ED /* Resources */ = {
			isa = PBXGroup;
			children = (
				ECCB7DDB15F13BD100495973 /* Image.hpp */,
				ECCB7DDA15F13BD100495973 /* Image.cpp */,
				EC33295215F8EDEF007A85D5 /* FileIO.hpp */,
				EC33295315F8EE35007A85D5 /* FileIO.cpp */,
				ECB09A40161356D100677A13 /* ResourceManager.hpp */,
				ECB09A3F161356D100677A13 /* ResourceManager.cpp */,
			);
			name = Resources;
			sourceTree = "<group>";
		};
		EC123C4915F13C7D004447ED /* Math */ = {
			isa = PBXGroup;
			children = (
				ECCB7DE015F13BD100495973 /* Math.hpp */,
				EC06057F15F2AA44009CB3E0 /* Math.cpp */,
				ECCB7DDC15F13BD100495973 /* Mat3.hpp */,
				ECCB7DDD15F13BD100495973 /* Mat4.hpp */,
				ECCB7DF115F13BD100495973 /* Vec3.hpp */,
				ECCB7DF215F13BD100495973 /* Vec4.hpp */,
				ECCB7DE615F13BD100495973 /* Quat.hpp */,
			);
			name = Math;
			sourceTree = "<group>";
		};
		EC1496BA1617312E0074E0B1 /* emitters */ = {
			isa = PBXGroup;
			children = (
			);
			name = emitters;
			sourceTree = "<group>";
		};
		ECB09A4D16136E5500677A13 /* Platform Window System */ = {
			isa = PBXGroup;
			children = (
				ECB09A4C16136E4B00677A13 /* GLUTWindow.hpp */,
				ECB09A4B16136E4B00677A13 /* GLUTWindow.cpp */,
				EC611590161486CA00D02A01 /* EAGLWindow.hpp */,
				EC61158F161486CA00D02A01 /* EAGLWindow.mm */,
			);
			name = "Platform Window System";
			sourceTree = "<group>";
		};
		ECB09A4E16136E5F00677A13 /* Core */ = {
			isa = PBXGroup;
			children = (
				ECB09A4A16136D6900677A13 /* Window.hpp */,
				ECDF82E81614687F005B89F3 /* Application.hpp */,
				ECDF82E71614687F005B89F3 /* Application.cpp */,
			);
			name = Core;
			sourceTree = "<group>";
		};
		ECB09A4F1613774E00677A13 /* Resources */ = {
			isa = PBXGroup;
			children = (
				EC1496BA1617312E0074E0B1 /* emitters */,
				ECB09A501613774E00677A13 /* shaders */,
				ECB09A571613774E00677A13 /* textures */,
			);
			path = Resources;
			sourceTree = "<group>";
		};
		ECB09A501613774E00677A13 /* shaders */ = {
			isa = PBXGroup;
			children = (
				ECB09A561613774E00677A13 /* ParticleShader.vsh */,
				ECB09A551613774E00677A13 /* ParticleShader.fsh */,
				EC4142871615C1A700E77795 /* BlinnPhongShader.vsh */,
				EC4142891615D34900E77795 /* BlinnPhongShader.fsh */,
			);
			path = shaders;
			sourceTree = "<group>";
		};
		ECB09A571613774E00677A13 /* textures */ = {
			isa = PBXGroup;
			children = (
				ECB09A581613774E00677A13 /* earth.png */,
				EC7B8994161DFDF0000C0F9F /* concrete.png */,
				ECB09A591613774E00677A13 /* fbo.png */,
				ECB09A5A1613774E00677A13 /* particle01.png */,
				ECB09A5B1613774E00677A13 /* road.png */,
				ECB09A5C1613774E00677A13 /* smoke.png */,
			);
			path = textures;
			sourceTree = "<group>";
		};
		ECB26550160076B6005D283C /* Physics */ = {
			isa = PBXGroup;
			children = (
				EC51B0E616065CB400E11226 /* SceneSimulator.hpp */,
				EC51B0E516065CB400E11226 /* SceneSimulator.cpp */,
				EC369C02160F16A50092F9E3 /* ParticleSystem.hpp */,
				EC369C01160F16A50092F9E3 /* ParticleSystem.cpp */,
				EC1496B616172B230074E0B1 /* ParticleEmitterProperties.hpp */,
				EC1496B716172E720074E0B1 /* ParticleEmitterProperties.cpp */,
				EC1496B516172A610074E0B1 /* BillboardParticleEmitter.hpp */,
				EC1496B416172A610074E0B1 /* BillboardParticleEmitter.cpp */,
			);
			name = Physics;
			sourceTree = "<group>";
		};
		ECCB7D7415F139FC00495973 = {
			isa = PBXGroup;
			children = (
				EC123C4A15F13E09004447ED /* README.md */,
				EC06058315F2DAF2009CB3E0 /* Makefile */,
				EC3AC5D6162094A800199585 /* screenshot.png */,
				ECB09A4F1613774E00677A13 /* Resources */,
				ECCB7D8215F139FC00495973 /* D3 */,
				ECCB7DCD15F13B4000495973 /* Frameworks */,
				ECCB7D8015F139FC00495973 /* Products */,
			);
			sourceTree = "<group>";
		};
		ECCB7D8015F139FC00495973 /* Products */ = {
			isa = PBXGroup;
			children = (
				ECCB7D7F15F139FC00495973 /* D3 */,
			);
			name = Products;
			sourceTree = "<group>";
		};
		ECCB7D8215F139FC00495973 /* D3 */ = {
			isa = PBXGroup;
			children = (
				EC6115921614941500D02A01 /* Example.hpp */,
				ECDF82EA16146A4B005B89F3 /* Example.cpp */,
				ECB09A4E16136E5F00677A13 /* Core */,
				ECB09A4D16136E5500677A13 /* Platform Window System */,
				ECCB7DF415F13BE300495973 /* Headers */,
				EC123C4915F13C7D004447ED /* Math */,
				ECB26550160076B6005D283C /* Physics */,
				ECCB7DF915F13C2800495973 /* Scene graph */,
				EC123C4515F13C5F004447ED /* Rendering system */,
				EC123C4815F13C75004447ED /* Resources */,
			);
			path = D3;
			sourceTree = "<group>";
		};
		ECCB7DCD15F13B4000495973 /* Frameworks */ = {
			isa = PBXGroup;
			children = (
				ECCB7DC915F13B3A00495973 /* GLUT.framework */,
				ECCB7DCA15F13B3A00495973 /* OpenGL.framework */,
			);
			name = Frameworks;
			sourceTree = "<group>";
		};
		ECCB7DF415F13BE300495973 /* Headers */ = {
			isa = PBXGroup;
			children = (
				ECCB7DCE15F13BD100495973 /* d3.hpp */,
				ECCB7DF015F13BD100495973 /* Types.hpp */,
				ECCB7DD715F13BD100495973 /* OpenGLHeaders.hpp */,
			);
			name = Headers;
			sourceTree = "<group>";
		};
		ECCB7DF915F13C2800495973 /* Scene graph */ = {
			isa = PBXGroup;
			children = (
				ECCB7DEA15F13BD100495973 /* Scene.hpp */,
				ECCB7DE915F13BD100495973 /* Scene.cpp */,
				ECCB7DE215F13BD100495973 /* TransformNode.hpp */,
				ECCB7DE115F13BD100495973 /* TransformNode.cpp */,
				EC1293C816165238006B69F1 /* SceneNode.hpp */,
				EC1293C716165238006B69F1 /* SceneNode.cpp */,
				ECCB7DD415F13BD100495973 /* Camera.hpp */,
				ECCB7DD315F13BD100495973 /* Camera.cpp */,
				ECCB7DE515F13BD100495973 /* PointLight.hpp */,
				ECCB7DE415F13BD100495973 /* PointLight.cpp */,
				ECCB7DEC15F13BD100495973 /* SpotLight.hpp */,
				ECCB7DEB15F13BD100495973 /* SpotLight.cpp */,
				ECCB7DD615F13BD100495973 /* DirectionalLight.hpp */,
				ECCB7DD515F13BD100495973 /* DirectionalLight.cpp */,
				EC369C05160F4AA40092F9E3 /* ParticleEmitter.hpp */,
				EC369C04160F4AA40092F9E3 /* ParticleEmitter.cpp */,
				EC123C4715F13C6D004447ED /* Primitives */,
			);
			name = "Scene graph";
			sourceTree = "<group>";
		};
/* End PBXGroup section */

/* Begin PBXNativeTarget section */
		ECCB7D7E15F139FC00495973 /* D3 */ = {
			isa = PBXNativeTarget;
			buildConfigurationList = ECCB7D8915F139FC00495973 /* Build configuration list for PBXNativeTarget "D3" */;
			buildPhases = (
				ECCB7D7B15F139FC00495973 /* Sources */,
				ECCB7D7C15F139FC00495973 /* Frameworks */,
				ECCB7D7D15F139FC00495973 /* CopyFiles */,
			);
			buildRules = (
			);
			dependencies = (
			);
			name = D3;
			productName = D3;
			productReference = ECCB7D7F15F139FC00495973 /* D3 */;
			productType = "com.apple.product-type.tool";
		};
/* End PBXNativeTarget section */

/* Begin PBXProject section */
		ECCB7D7615F139FC00495973 /* Project object */ = {
			isa = PBXProject;
			attributes = {
				LastUpgradeCheck = 0440;
				ORGANIZATIONNAME = "Srđan Rašić";
			};
			buildConfigurationList = ECCB7D7915F139FC00495973 /* Build configuration list for PBXProject "D3" */;
			compatibilityVersion = "Xcode 3.2";
			developmentRegion = English;
			hasScannedForEncodings = 0;
			knownRegions = (
				en,
			);
			mainGroup = ECCB7D7415F139FC00495973;
			productRefGroup = ECCB7D8015F139FC00495973 /* Products */;
			projectDirPath = "";
			projectRoot = "";
			targets = (
				ECCB7D7E15F139FC00495973 /* D3 */,
			);
		};
/* End PBXProject section */

/* Begin PBXSourcesBuildPhase section */
		ECCB7D7B15F139FC00495973 /* Sources */ = {
			isa = PBXSourcesBuildPhase;
			buildActionMask = 2147483647;
			files = (
				ECDF82EC16146A8D005B89F3 /* Example.cpp in Sources */,
			);
			runOnlyForDeploymentPostprocessing = 0;
		};
/* End PBXSourcesBuildPhase section */

/* Begin XCBuildConfiguration section */
		ECCB7D8715F139FC00495973 /* Debug */ = {
			isa = XCBuildConfiguration;
			buildSettings = {
				ALWAYS_SEARCH_USER_PATHS = NO;
				ARCHS = "$(ARCHS_STANDARD_64_BIT)";
				CLANG_CXX_LANGUAGE_STANDARD = "c++0x";
				CLANG_CXX_LIBRARY = "libc++";
				CLANG_WARN__DUPLICATE_METHOD_MATCH = YES;
				COPY_PHASE_STRIP = NO;
				GCC_C_LANGUAGE_STANDARD = gnu99;
				GCC_DYNAMIC_NO_PIC = NO;
				GCC_ENABLE_OBJC_EXCEPTIONS = YES;
				GCC_OPTIMIZATION_LEVEL = 0;
				GCC_PREPROCESSOR_DEFINITIONS = (
					"DEBUG=1",
					"$(inherited)",
				);
				GCC_SYMBOLS_PRIVATE_EXTERN = NO;
				GCC_WARN_64_TO_32_BIT_CONVERSION = YES;
				GCC_WARN_ABOUT_RETURN_TYPE = YES;
				GCC_WARN_UNINITIALIZED_AUTOS = YES;
				GCC_WARN_UNUSED_VARIABLE = YES;
				HEADER_SEARCH_PATHS = /usr/local/include;
				LIBRARY_SEARCH_PATHS = /usr/local/lib;
				MACOSX_DEPLOYMENT_TARGET = 10.8;
				ONLY_ACTIVE_ARCH = YES;
				OTHER_CPLUSPLUSFLAGS = "$(OTHER_CFLAGS)";
				OTHER_LDFLAGS = "-lpng";
				SDKROOT = macosx;
			};
			name = Debug;
		};
		ECCB7D8815F139FC00495973 /* Release */ = {
			isa = XCBuildConfiguration;
			buildSettings = {
				ALWAYS_SEARCH_USER_PATHS = NO;
				ARCHS = "$(ARCHS_STANDARD_64_BIT)";
				CLANG_CXX_LANGUAGE_STANDARD = "c++0x";
				CLANG_CXX_LIBRARY = "libc++";
				CLANG_WARN__DUPLICATE_METHOD_MATCH = YES;
				COPY_PHASE_STRIP = YES;
				DEBUG_INFORMATION_FORMAT = "dwarf-with-dsym";
				GCC_C_LANGUAGE_STANDARD = gnu99;
				GCC_ENABLE_OBJC_EXCEPTIONS = YES;
				GCC_WARN_64_TO_32_BIT_CONVERSION = YES;
				GCC_WARN_ABOUT_RETURN_TYPE = YES;
				GCC_WARN_UNINITIALIZED_AUTOS = YES;
				GCC_WARN_UNUSED_VARIABLE = YES;
				HEADER_SEARCH_PATHS = /usr/local/include;
				LIBRARY_SEARCH_PATHS = /usr/local/lib;
				MACOSX_DEPLOYMENT_TARGET = 10.8;
				OTHER_CPLUSPLUSFLAGS = "$(OTHER_CFLAGS)";
				OTHER_LDFLAGS = "-lpng";
				SDKROOT = macosx;
			};
			name = Release;
		};
		ECCB7D8A15F139FC00495973 /* Debug */ = {
			isa = XCBuildConfiguration;
			buildSettings = {
				HEADER_SEARCH_PATHS = /usr/local/include;
				LIBRARY_SEARCH_PATHS = /usr/local/lib;
				PRODUCT_NAME = "$(TARGET_NAME)";
			};
			name = Debug;
		};
		ECCB7D8B15F139FC00495973 /* Release */ = {
			isa = XCBuildConfiguration;
			buildSettings = {
				HEADER_SEARCH_PATHS = /usr/local/include;
				LIBRARY_SEARCH_PATHS = /usr/local/lib;
				PRODUCT_NAME = "$(TARGET_NAME)";
			};
			name = Release;
		};
/* End XCBuildConfiguration section */

/* Begin XCConfigurationList section */
		ECCB7D7915F139FC00495973 /* Build configuration list for PBXProject "D3" */ = {
			isa = XCConfigurationList;
			buildConfigurations = (
				ECCB7D8715F139FC00495973 /* Debug */,
				ECCB7D8815F139FC00495973 /* Release */,
			);
			defaultConfigurationIsVisible = 0;
			defaultConfigurationName = Release;
		};
		ECCB7D8915F139FC00495973 /* Build configuration list for PBXNativeTarget "D3" */ = {
			isa = XCConfigurationList;
			buildConfigurations = (
				ECCB7D8A15F139FC00495973 /* Debug */,
				ECCB7D8B15F139FC00495973 /* Release */,
			);
			defaultConfigurationIsVisible = 0;
			defaultConfigurationName = Release;
		};
/* End XCConfigurationList section */
	};
	rootObject = ECCB7D7615F139FC00495973 /* Project object */;
}
