// !$*UTF8*$!
{
	archiveVersion = 1;
	classes = {
	};
	objectVersion = 46;
	objects = {

/* Begin PBXBuildFile section */
		EC123C5F15F192B8004447ED /* main.cpp in Sources */ = {isa = PBXBuildFile; fileRef = ECCB7DF315F13BD100495973 /* main.cpp */; };
		ECCB7DCB15F13B3A00495973 /* GLUT.framework in Frameworks */ = {isa = PBXBuildFile; fileRef = ECCB7DC915F13B3A00495973 /* GLUT.framework */; };
		ECCB7DCC15F13B3A00495973 /* OpenGL.framework in Frameworks */ = {isa = PBXBuildFile; fileRef = ECCB7DCA15F13B3A00495973 /* OpenGL.framework */; };
/* End PBXBuildFile section */

/* Begin PBXCopyFilesBuildPhase section */
		ECCB7D7D15F139FC00495973 /* CopyFiles */ = {
			isa = PBXCopyFilesBuildPhase;
			buildActionMask = 2147483647;
			dstPath = /usr/share/man/man1/;
			dstSubfolderSpec = 0;
			files = (
			);
			runOnlyForDeploymentPostprocessing = 1;
		};
/* End PBXCopyFilesBuildPhase section */

/* Begin PBXFileReference section */
		EC06057915F28DB5009CB3E0 /* Renderable.hpp */ = {isa = PBXFileReference; lastKnownFileType = sourcecode.cpp.h; path = Renderable.hpp; sourceTree = "<group>"; };
		EC06057A15F28E73009CB3E0 /* Geometry.hpp */ = {isa = PBXFileReference; lastKnownFileType = sourcecode.cpp.h; path = Geometry.hpp; sourceTree = "<group>"; };
		EC06057D15F29589009CB3E0 /* GeometryFactory.cpp */ = {isa = PBXFileReference; lastKnownFileType = sourcecode.cpp.cpp; path = GeometryFactory.cpp; sourceTree = "<group>"; };
		EC06057E15F29589009CB3E0 /* GeometryFactory.hpp */ = {isa = PBXFileReference; lastKnownFileType = sourcecode.cpp.h; path = GeometryFactory.hpp; sourceTree = "<group>"; };
		EC06057F15F2AA44009CB3E0 /* Math.cpp */ = {isa = PBXFileReference; lastKnownFileType = sourcecode.cpp.cpp; path = Math.cpp; sourceTree = "<group>"; };
		EC06058115F2ACE1009CB3E0 /* SceneRenderer.hpp */ = {isa = PBXFileReference; lastKnownFileType = sourcecode.cpp.h; path = SceneRenderer.hpp; sourceTree = "<group>"; };
		EC06058315F2DAF2009CB3E0 /* Makefile */ = {isa = PBXFileReference; lastKnownFileType = sourcecode.make; lineEnding = 0; path = Makefile; sourceTree = "<group>"; };
		EC06058415F2DED0009CB3E0 /* earth.png */ = {isa = PBXFileReference; lastKnownFileType = image.png; name = earth.png; path = Resources/earth.png; sourceTree = "<group>"; };
		EC123C4A15F13E09004447ED /* README */ = {isa = PBXFileReference; explicitFileType = sourcecode.cpp.h; lineEnding = 0; path = README; sourceTree = "<group>"; };
		EC14310416118DCD00D50BA4 /* texture.vsh */ = {isa = PBXFileReference; lastKnownFileType = sourcecode.glsl; path = texture.vsh; sourceTree = "<group>"; };
		EC14310516118DCD00D50BA4 /* texture.fsh */ = {isa = PBXFileReference; lastKnownFileType = sourcecode.glsl; path = texture.fsh; sourceTree = "<group>"; };
		EC14310B1611E5F800D50BA4 /* ambient.vsh */ = {isa = PBXFileReference; lastKnownFileType = sourcecode.glsl; path = ambient.vsh; sourceTree = "<group>"; };
		EC14310C1611E5F800D50BA4 /* ambient.fsh */ = {isa = PBXFileReference; explicitFileType = sourcecode.glsl; path = ambient.fsh; sourceTree = "<group>"; xcLanguageSpecificationIdentifier = xcode.lang.glsl; };
		EC19985115FA7CAF00717FE3 /* Modeler.cpp */ = {isa = PBXFileReference; lastKnownFileType = sourcecode.cpp.cpp; path = Modeler.cpp; sourceTree = "<group>"; };
		EC19985215FA7CAF00717FE3 /* Modeler.hpp */ = {isa = PBXFileReference; lastKnownFileType = sourcecode.cpp.h; path = Modeler.hpp; sourceTree = "<group>"; };
		EC33295215F8EDEF007A85D5 /* FileIO.hpp */ = {isa = PBXFileReference; lastKnownFileType = sourcecode.cpp.h; path = FileIO.hpp; sourceTree = "<group>"; };
		EC33295315F8EE35007A85D5 /* FileIO.cpp */ = {isa = PBXFileReference; lastKnownFileType = sourcecode.cpp.cpp; path = FileIO.cpp; sourceTree = "<group>"; };
		EC33295515F8F106007A85D5 /* GLShader.cpp */ = {isa = PBXFileReference; lastKnownFileType = sourcecode.cpp.cpp; path = GLShader.cpp; sourceTree = "<group>"; };
		EC33295615F8F106007A85D5 /* GLShader.hpp */ = {isa = PBXFileReference; lastKnownFileType = sourcecode.cpp.h; path = GLShader.hpp; sourceTree = "<group>"; };
		EC33295715F902B6007A85D5 /* light.vsh */ = {isa = PBXFileReference; explicitFileType = sourcecode.glsl; path = light.vsh; sourceTree = "<group>"; };
		EC33295915F9055B007A85D5 /* light.fsh */ = {isa = PBXFileReference; lastKnownFileType = sourcecode.glsl; path = light.fsh; sourceTree = "<group>"; };
		EC33295A15F90D2B007A85D5 /* GLProgram.cpp */ = {isa = PBXFileReference; lastKnownFileType = sourcecode.cpp.cpp; path = GLProgram.cpp; sourceTree = "<group>"; };
		EC33295B15F90D2B007A85D5 /* GLProgram.hpp */ = {isa = PBXFileReference; lastKnownFileType = sourcecode.cpp.h; path = GLProgram.hpp; sourceTree = "<group>"; };
		EC33295E15F91431007A85D5 /* GLSLRenderer.cpp */ = {isa = PBXFileReference; lastKnownFileType = sourcecode.cpp.cpp; path = GLSLRenderer.cpp; sourceTree = "<group>"; };
		EC33295F15F91431007A85D5 /* GLSLRenderer.hpp */ = {isa = PBXFileReference; lastKnownFileType = sourcecode.cpp.h; path = GLSLRenderer.hpp; sourceTree = "<group>"; };
		EC369C01160F16A50092F9E3 /* ParticleSystem.cpp */ = {isa = PBXFileReference; lastKnownFileType = sourcecode.cpp.cpp; path = ParticleSystem.cpp; sourceTree = "<group>"; };
		EC369C02160F16A50092F9E3 /* ParticleSystem.hpp */ = {isa = PBXFileReference; lastKnownFileType = sourcecode.cpp.h; path = ParticleSystem.hpp; sourceTree = "<group>"; };
		EC369C04160F4AA40092F9E3 /* ParticleEmitter.cpp */ = {isa = PBXFileReference; lastKnownFileType = sourcecode.cpp.cpp; path = ParticleEmitter.cpp; sourceTree = "<group>"; };
		EC369C05160F4AA40092F9E3 /* ParticleEmitter.hpp */ = {isa = PBXFileReference; lastKnownFileType = sourcecode.cpp.h; path = ParticleEmitter.hpp; sourceTree = "<group>"; };
		EC51B0E516065CB400E11226 /* Simulator.cpp */ = {isa = PBXFileReference; fileEncoding = 4; lastKnownFileType = sourcecode.cpp.cpp; path = Simulator.cpp; sourceTree = "<group>"; };
		EC51B0E616065CB400E11226 /* Simulator.hpp */ = {isa = PBXFileReference; fileEncoding = 4; lastKnownFileType = sourcecode.cpp.h; path = Simulator.hpp; sourceTree = "<group>"; };
		ECCB7D7F15F139FC00495973 /* D3 */ = {isa = PBXFileReference; explicitFileType = "compiled.mach-o.executable"; includeInIndex = 0; path = D3; sourceTree = BUILT_PRODUCTS_DIR; };
		ECCB7DC915F13B3A00495973 /* GLUT.framework */ = {isa = PBXFileReference; lastKnownFileType = wrapper.framework; name = GLUT.framework; path = System/Library/Frameworks/GLUT.framework; sourceTree = SDKROOT; };
		ECCB7DCA15F13B3A00495973 /* OpenGL.framework */ = {isa = PBXFileReference; lastKnownFileType = wrapper.framework; name = OpenGL.framework; path = System/Library/Frameworks/OpenGL.framework; sourceTree = SDKROOT; };
		ECCB7DCE15F13BD100495973 /* d3.hpp */ = {isa = PBXFileReference; lastKnownFileType = sourcecode.cpp.h; lineEnding = 0; path = d3.hpp; sourceTree = "<group>"; xcLanguageSpecificationIdentifier = xcode.lang.cpp; };
		ECCB7DCF15F13BD100495973 /* ArrayDescriptor.hpp */ = {isa = PBXFileReference; lastKnownFileType = sourcecode.cpp.h; path = ArrayDescriptor.hpp; sourceTree = "<group>"; };
		ECCB7DD315F13BD100495973 /* Camera.cpp */ = {isa = PBXFileReference; lastKnownFileType = sourcecode.cpp.cpp; path = Camera.cpp; sourceTree = "<group>"; };
		ECCB7DD415F13BD100495973 /* Camera.hpp */ = {isa = PBXFileReference; lastKnownFileType = sourcecode.cpp.h; path = Camera.hpp; sourceTree = "<group>"; };
		ECCB7DD515F13BD100495973 /* DirectionalLight.cpp */ = {isa = PBXFileReference; lastKnownFileType = sourcecode.cpp.cpp; path = DirectionalLight.cpp; sourceTree = "<group>"; };
		ECCB7DD615F13BD100495973 /* DirectionalLight.hpp */ = {isa = PBXFileReference; lastKnownFileType = sourcecode.cpp.h; path = DirectionalLight.hpp; sourceTree = "<group>"; };
		ECCB7DD715F13BD100495973 /* OpenGLHeaders.hpp */ = {isa = PBXFileReference; lastKnownFileType = sourcecode.cpp.h; path = OpenGLHeaders.hpp; sourceTree = "<group>"; };
		ECCB7DD815F13BD100495973 /* GLSceneRenderer.cpp */ = {isa = PBXFileReference; lastKnownFileType = sourcecode.cpp.cpp; path = GLSceneRenderer.cpp; sourceTree = "<group>"; };
		ECCB7DD915F13BD100495973 /* GLSceneRenderer.hpp */ = {isa = PBXFileReference; lastKnownFileType = sourcecode.cpp.h; path = GLSceneRenderer.hpp; sourceTree = "<group>"; };
		ECCB7DDA15F13BD100495973 /* Image.cpp */ = {isa = PBXFileReference; lastKnownFileType = sourcecode.cpp.cpp; path = Image.cpp; sourceTree = "<group>"; };
		ECCB7DDB15F13BD100495973 /* Image.hpp */ = {isa = PBXFileReference; lastKnownFileType = sourcecode.cpp.h; path = Image.hpp; sourceTree = "<group>"; };
		ECCB7DDC15F13BD100495973 /* Mat3.hpp */ = {isa = PBXFileReference; lastKnownFileType = sourcecode.cpp.h; path = Mat3.hpp; sourceTree = "<group>"; };
		ECCB7DDD15F13BD100495973 /* Mat4.hpp */ = {isa = PBXFileReference; lastKnownFileType = sourcecode.cpp.h; path = Mat4.hpp; sourceTree = "<group>"; };
		ECCB7DDE15F13BD100495973 /* Material.cpp */ = {isa = PBXFileReference; lastKnownFileType = sourcecode.cpp.cpp; path = Material.cpp; sourceTree = "<group>"; };
		ECCB7DDF15F13BD100495973 /* Material.hpp */ = {isa = PBXFileReference; lastKnownFileType = sourcecode.cpp.h; path = Material.hpp; sourceTree = "<group>"; };
		ECCB7DE015F13BD100495973 /* Math.hpp */ = {isa = PBXFileReference; lastKnownFileType = sourcecode.cpp.h; path = Math.hpp; sourceTree = "<group>"; };
		ECCB7DE115F13BD100495973 /* Node.cpp */ = {isa = PBXFileReference; lastKnownFileType = sourcecode.cpp.cpp; path = Node.cpp; sourceTree = "<group>"; };
		ECCB7DE215F13BD100495973 /* Node.hpp */ = {isa = PBXFileReference; lastKnownFileType = sourcecode.cpp.h; path = Node.hpp; sourceTree = "<group>"; };
		ECCB7DE415F13BD100495973 /* PointLight.cpp */ = {isa = PBXFileReference; lastKnownFileType = sourcecode.cpp.cpp; path = PointLight.cpp; sourceTree = "<group>"; };
		ECCB7DE515F13BD100495973 /* PointLight.hpp */ = {isa = PBXFileReference; lastKnownFileType = sourcecode.cpp.h; path = PointLight.hpp; sourceTree = "<group>"; };
		ECCB7DE615F13BD100495973 /* Quat.hpp */ = {isa = PBXFileReference; lastKnownFileType = sourcecode.cpp.h; path = Quat.hpp; sourceTree = "<group>"; };
		ECCB7DE915F13BD100495973 /* Scene.cpp */ = {isa = PBXFileReference; lastKnownFileType = sourcecode.cpp.cpp; path = Scene.cpp; sourceTree = "<group>"; };
		ECCB7DEA15F13BD100495973 /* Scene.hpp */ = {isa = PBXFileReference; lastKnownFileType = sourcecode.cpp.h; path = Scene.hpp; sourceTree = "<group>"; };
		ECCB7DEB15F13BD100495973 /* SpotLight.cpp */ = {isa = PBXFileReference; lastKnownFileType = sourcecode.cpp.cpp; path = SpotLight.cpp; sourceTree = "<group>"; };
		ECCB7DEC15F13BD100495973 /* SpotLight.hpp */ = {isa = PBXFileReference; lastKnownFileType = sourcecode.cpp.h; path = SpotLight.hpp; sourceTree = "<group>"; };
		ECCB7DED15F13BD100495973 /* StateOperation.hpp */ = {isa = PBXFileReference; lastKnownFileType = sourcecode.cpp.h; path = StateOperation.hpp; sourceTree = "<group>"; };
		ECCB7DEE15F13BD100495973 /* Texture.cpp */ = {isa = PBXFileReference; lastKnownFileType = sourcecode.cpp.cpp; path = Texture.cpp; sourceTree = "<group>"; };
		ECCB7DEF15F13BD100495973 /* Texture.hpp */ = {isa = PBXFileReference; lastKnownFileType = sourcecode.cpp.h; path = Texture.hpp; sourceTree = "<group>"; };
		ECCB7DF015F13BD100495973 /* Types.hpp */ = {isa = PBXFileReference; lastKnownFileType = sourcecode.cpp.h; path = Types.hpp; sourceTree = "<group>"; };
		ECCB7DF115F13BD100495973 /* Vec3.hpp */ = {isa = PBXFileReference; lastKnownFileType = sourcecode.cpp.h; path = Vec3.hpp; sourceTree = "<group>"; };
		ECCB7DF215F13BD100495973 /* Vec4.hpp */ = {isa = PBXFileReference; lastKnownFileType = sourcecode.cpp.h; path = Vec4.hpp; sourceTree = "<group>"; };
		ECCB7DF315F13BD100495973 /* main.cpp */ = {isa = PBXFileReference; lastKnownFileType = sourcecode.cpp.cpp; path = main.cpp; sourceTree = "<group>"; };
/* End PBXFileReference section */

/* Begin PBXFrameworksBuildPhase section */
		ECCB7D7C15F139FC00495973 /* Frameworks */ = {
			isa = PBXFrameworksBuildPhase;
			buildActionMask = 2147483647;
			files = (
				ECCB7DCB15F13B3A00495973 /* GLUT.framework in Frameworks */,
				ECCB7DCC15F13B3A00495973 /* OpenGL.framework in Frameworks */,
			);
			runOnlyForDeploymentPostprocessing = 0;
		};
/* End PBXFrameworksBuildPhase section */

/* Begin PBXGroup section */
		EC06058215F2AF61009CB3E0 /* OpenGL */ = {
			isa = PBXGroup;
			children = (
				EC33295615F8F106007A85D5 /* GLShader.hpp */,
				EC33295515F8F106007A85D5 /* GLShader.cpp */,
				EC33295B15F90D2B007A85D5 /* GLProgram.hpp */,
				EC33295A15F90D2B007A85D5 /* GLProgram.cpp */,
				EC33295F15F91431007A85D5 /* GLSLRenderer.hpp */,
				EC33295E15F91431007A85D5 /* GLSLRenderer.cpp */,
				ECCB7DD915F13BD100495973 /* GLSceneRenderer.hpp */,
				ECCB7DD815F13BD100495973 /* GLSceneRenderer.cpp */,
			);
			name = OpenGL;
			sourceTree = "<group>";
		};
		EC06058515F2DEDE009CB3E0 /* Resources */ = {
			isa = PBXGroup;
			children = (
				EC06058415F2DED0009CB3E0 /* earth.png */,
			);
			name = Resources;
			sourceTree = "<group>";
		};
		EC123C4515F13C5F004447ED /* Rendering system */ = {
			isa = PBXGroup;
			children = (
				EC06057915F28DB5009CB3E0 /* Renderable.hpp */,
				ECCB7DCF15F13BD100495973 /* ArrayDescriptor.hpp */,
				ECCB7DED15F13BD100495973 /* StateOperation.hpp */,
				EC06058115F2ACE1009CB3E0 /* SceneRenderer.hpp */,
				EC06057A15F28E73009CB3E0 /* Geometry.hpp */,
				ECCB7DDF15F13BD100495973 /* Material.hpp */,
				ECCB7DDE15F13BD100495973 /* Material.cpp */,
				ECCB7DEF15F13BD100495973 /* Texture.hpp */,
				ECCB7DEE15F13BD100495973 /* Texture.cpp */,
				EC06058215F2AF61009CB3E0 /* OpenGL */,
			);
			name = "Rendering system";
			sourceTree = "<group>";
		};
		EC123C4715F13C6D004447ED /* Primitives */ = {
			isa = PBXGroup;
			children = (
				EC19985215FA7CAF00717FE3 /* Modeler.hpp */,
				EC19985115FA7CAF00717FE3 /* Modeler.cpp */,
				EC06057E15F29589009CB3E0 /* GeometryFactory.hpp */,
				EC06057D15F29589009CB3E0 /* GeometryFactory.cpp */,
			);
			name = Primitives;
			sourceTree = "<group>";
		};
		EC123C4815F13C75004447ED /* Resources */ = {
			isa = PBXGroup;
			children = (
				ECCB7DDB15F13BD100495973 /* Image.hpp */,
				ECCB7DDA15F13BD100495973 /* Image.cpp */,
				EC33295215F8EDEF007A85D5 /* FileIO.hpp */,
				EC33295315F8EE35007A85D5 /* FileIO.cpp */,
			);
			name = Resources;
			sourceTree = "<group>";
		};
		EC123C4915F13C7D004447ED /* Math */ = {
			isa = PBXGroup;
			children = (
				ECCB7DE015F13BD100495973 /* Math.hpp */,
				EC06057F15F2AA44009CB3E0 /* Math.cpp */,
				ECCB7DDC15F13BD100495973 /* Mat3.hpp */,
				ECCB7DDD15F13BD100495973 /* Mat4.hpp */,
				ECCB7DF115F13BD100495973 /* Vec3.hpp */,
				ECCB7DF215F13BD100495973 /* Vec4.hpp */,
				ECCB7DE615F13BD100495973 /* Quat.hpp */,
			);
			name = Math;
			sourceTree = "<group>";
		};
		EC33295815F902C8007A85D5 /* Shaders */ = {
			isa = PBXGroup;
			children = (
				EC33295715F902B6007A85D5 /* light.vsh */,
				EC33295915F9055B007A85D5 /* light.fsh */,
				EC14310416118DCD00D50BA4 /* texture.vsh */,
				EC14310516118DCD00D50BA4 /* texture.fsh */,
				EC14310B1611E5F800D50BA4 /* ambient.vsh */,
				EC14310C1611E5F800D50BA4 /* ambient.fsh */,
			);
			name = Shaders;
			sourceTree = "<group>";
		};
		ECB26550160076B6005D283C /* Physics */ = {
			isa = PBXGroup;
			children = (
				EC51B0E616065CB400E11226 /* Simulator.hpp */,
				EC51B0E516065CB400E11226 /* Simulator.cpp */,
				EC369C02160F16A50092F9E3 /* ParticleSystem.hpp */,
				EC369C01160F16A50092F9E3 /* ParticleSystem.cpp */,
			);
			name = Physics;
			sourceTree = "<group>";
		};
		ECCB7D7415F139FC00495973 = {
			isa = PBXGroup;
			children = (
				EC123C4A15F13E09004447ED /* README */,
				EC06058315F2DAF2009CB3E0 /* Makefile */,
				EC06058515F2DEDE009CB3E0 /* Resources */,
				ECCB7D8215F139FC00495973 /* D3 */,
				ECCB7DCD15F13B4000495973 /* Frameworks */,
				ECCB7D8015F139FC00495973 /* Products */,
			);
			sourceTree = "<group>";
		};
		ECCB7D8015F139FC00495973 /* Products */ = {
			isa = PBXGroup;
			children = (
				ECCB7D7F15F139FC00495973 /* D3 */,
			);
			name = Products;
			sourceTree = "<group>";
		};
		ECCB7D8215F139FC00495973 /* D3 */ = {
			isa = PBXGroup;
			children = (
				ECCB7DF315F13BD100495973 /* main.cpp */,
				EC33295815F902C8007A85D5 /* Shaders */,
				ECCB7DF415F13BE300495973 /* Headers */,
				EC123C4915F13C7D004447ED /* Math */,
				ECB26550160076B6005D283C /* Physics */,
				ECCB7DF915F13C2800495973 /* Scene graph */,
				EC123C4515F13C5F004447ED /* Rendering system */,
				EC123C4815F13C75004447ED /* Resources */,
			);
			path = D3;
			sourceTree = "<group>";
		};
		ECCB7DCD15F13B4000495973 /* Frameworks */ = {
			isa = PBXGroup;
			children = (
				ECCB7DC915F13B3A00495973 /* GLUT.framework */,
				ECCB7DCA15F13B3A00495973 /* OpenGL.framework */,
			);
			name = Frameworks;
			sourceTree = "<group>";
		};
		ECCB7DF415F13BE300495973 /* Headers */ = {
			isa = PBXGroup;
			children = (
				ECCB7DCE15F13BD100495973 /* d3.hpp */,
				ECCB7DF015F13BD100495973 /* Types.hpp */,
				ECCB7DD715F13BD100495973 /* OpenGLHeaders.hpp */,
			);
			name = Headers;
			sourceTree = "<group>";
		};
		ECCB7DF915F13C2800495973 /* Scene graph */ = {
			isa = PBXGroup;
			children = (
				ECCB7DEA15F13BD100495973 /* Scene.hpp */,
				ECCB7DE915F13BD100495973 /* Scene.cpp */,
				ECCB7DE215F13BD100495973 /* Node.hpp */,
				ECCB7DE115F13BD100495973 /* Node.cpp */,
				ECCB7DD415F13BD100495973 /* Camera.hpp */,
				ECCB7DD315F13BD100495973 /* Camera.cpp */,
				ECCB7DE515F13BD100495973 /* PointLight.hpp */,
				ECCB7DE415F13BD100495973 /* PointLight.cpp */,
				ECCB7DEC15F13BD100495973 /* SpotLight.hpp */,
				ECCB7DEB15F13BD100495973 /* SpotLight.cpp */,
				ECCB7DD615F13BD100495973 /* DirectionalLight.hpp */,
				ECCB7DD515F13BD100495973 /* DirectionalLight.cpp */,
				EC369C05160F4AA40092F9E3 /* ParticleEmitter.hpp */,
				EC369C04160F4AA40092F9E3 /* ParticleEmitter.cpp */,
				EC123C4715F13C6D004447ED /* Primitives */,
			);
			name = "Scene graph";
			sourceTree = "<group>";
		};
/* End PBXGroup section */

/* Begin PBXNativeTarget section */
		ECCB7D7E15F139FC00495973 /* D3 */ = {
			isa = PBXNativeTarget;
			buildConfigurationList = ECCB7D8915F139FC00495973 /* Build configuration list for PBXNativeTarget "D3" */;
			buildPhases = (
				ECCB7D7B15F139FC00495973 /* Sources */,
				ECCB7D7C15F139FC00495973 /* Frameworks */,
				ECCB7D7D15F139FC00495973 /* CopyFiles */,
			);
			buildRules = (
			);
			dependencies = (
			);
			name = D3;
			productName = D3;
			productReference = ECCB7D7F15F139FC00495973 /* D3 */;
			productType = "com.apple.product-type.tool";
		};
/* End PBXNativeTarget section */

/* Begin PBXProject section */
		ECCB7D7615F139FC00495973 /* Project object */ = {
			isa = PBXProject;
			attributes = {
				LastUpgradeCheck = 0440;
				ORGANIZATIONNAME = "Srđan Rašić";
			};
			buildConfigurationList = ECCB7D7915F139FC00495973 /* Build configuration list for PBXProject "D3" */;
			compatibilityVersion = "Xcode 3.2";
			developmentRegion = English;
			hasScannedForEncodings = 0;
			knownRegions = (
				en,
			);
			mainGroup = ECCB7D7415F139FC00495973;
			productRefGroup = ECCB7D8015F139FC00495973 /* Products */;
			projectDirPath = "";
			projectRoot = "";
			targets = (
				ECCB7D7E15F139FC00495973 /* D3 */,
			);
		};
/* End PBXProject section */

/* Begin PBXSourcesBuildPhase section */
		ECCB7D7B15F139FC00495973 /* Sources */ = {
			isa = PBXSourcesBuildPhase;
			buildActionMask = 2147483647;
			files = (
				EC123C5F15F192B8004447ED /* main.cpp in Sources */,
			);
			runOnlyForDeploymentPostprocessing = 0;
		};
/* End PBXSourcesBuildPhase section */

/* Begin XCBuildConfiguration section */
		ECCB7D8715F139FC00495973 /* Debug */ = {
			isa = XCBuildConfiguration;
			buildSettings = {
				ALWAYS_SEARCH_USER_PATHS = NO;
				ARCHS = "$(ARCHS_STANDARD_64_BIT)";
				CLANG_CXX_LANGUAGE_STANDARD = "c++0x";
				CLANG_CXX_LIBRARY = "libc++";
				CLANG_WARN__DUPLICATE_METHOD_MATCH = YES;
				COPY_PHASE_STRIP = NO;
				GCC_C_LANGUAGE_STANDARD = gnu99;
				GCC_DYNAMIC_NO_PIC = NO;
				GCC_ENABLE_OBJC_EXCEPTIONS = YES;
				GCC_OPTIMIZATION_LEVEL = 0;
				GCC_PREPROCESSOR_DEFINITIONS = (
					"DEBUG=1",
					"$(inherited)",
				);
				GCC_SYMBOLS_PRIVATE_EXTERN = NO;
				GCC_WARN_64_TO_32_BIT_CONVERSION = YES;
				GCC_WARN_ABOUT_RETURN_TYPE = YES;
				GCC_WARN_UNINITIALIZED_AUTOS = YES;
				GCC_WARN_UNUSED_VARIABLE = YES;
				HEADER_SEARCH_PATHS = /usr/local/include;
				LIBRARY_SEARCH_PATHS = /usr/local/lib;
				MACOSX_DEPLOYMENT_TARGET = 10.8;
				ONLY_ACTIVE_ARCH = YES;
				OTHER_CPLUSPLUSFLAGS = "$(OTHER_CFLAGS)";
				OTHER_LDFLAGS = "-lpng";
				SDKROOT = macosx;
			};
			name = Debug;
		};
		ECCB7D8815F139FC00495973 /* Release */ = {
			isa = XCBuildConfiguration;
			buildSettings = {
				ALWAYS_SEARCH_USER_PATHS = NO;
				ARCHS = "$(ARCHS_STANDARD_64_BIT)";
				CLANG_CXX_LANGUAGE_STANDARD = "c++0x";
				CLANG_CXX_LIBRARY = "libc++";
				CLANG_WARN__DUPLICATE_METHOD_MATCH = YES;
				COPY_PHASE_STRIP = YES;
				DEBUG_INFORMATION_FORMAT = "dwarf-with-dsym";
				GCC_C_LANGUAGE_STANDARD = gnu99;
				GCC_ENABLE_OBJC_EXCEPTIONS = YES;
				GCC_WARN_64_TO_32_BIT_CONVERSION = YES;
				GCC_WARN_ABOUT_RETURN_TYPE = YES;
				GCC_WARN_UNINITIALIZED_AUTOS = YES;
				GCC_WARN_UNUSED_VARIABLE = YES;
				HEADER_SEARCH_PATHS = /usr/local/include;
				LIBRARY_SEARCH_PATHS = /usr/local/lib;
				MACOSX_DEPLOYMENT_TARGET = 10.8;
				OTHER_CPLUSPLUSFLAGS = "$(OTHER_CFLAGS)";
				OTHER_LDFLAGS = "-lpng";
				SDKROOT = macosx;
			};
			name = Release;
		};
		ECCB7D8A15F139FC00495973 /* Debug */ = {
			isa = XCBuildConfiguration;
			buildSettings = {
				HEADER_SEARCH_PATHS = /usr/local/include;
				LIBRARY_SEARCH_PATHS = /usr/local/lib;
				PRODUCT_NAME = "$(TARGET_NAME)";
			};
			name = Debug;
		};
		ECCB7D8B15F139FC00495973 /* Release */ = {
			isa = XCBuildConfiguration;
			buildSettings = {
				HEADER_SEARCH_PATHS = /usr/local/include;
				LIBRARY_SEARCH_PATHS = /usr/local/lib;
				PRODUCT_NAME = "$(TARGET_NAME)";
			};
			name = Release;
		};
/* End XCBuildConfiguration section */

/* Begin XCConfigurationList section */
		ECCB7D7915F139FC00495973 /* Build configuration list for PBXProject "D3" */ = {
			isa = XCConfigurationList;
			buildConfigurations = (
				ECCB7D8715F139FC00495973 /* Debug */,
				ECCB7D8815F139FC00495973 /* Release */,
			);
			defaultConfigurationIsVisible = 0;
			defaultConfigurationName = Release;
		};
		ECCB7D8915F139FC00495973 /* Build configuration list for PBXNativeTarget "D3" */ = {
			isa = XCConfigurationList;
			buildConfigurations = (
				ECCB7D8A15F139FC00495973 /* Debug */,
				ECCB7D8B15F139FC00495973 /* Release */,
			);
			defaultConfigurationIsVisible = 0;
			defaultConfigurationName = Release;
		};
/* End XCConfigurationList section */
	};
	rootObject = ECCB7D7615F139FC00495973 /* Project object */;
}
